
Microsoft Visual Studio Solution File, Format Version 12.00
# Visual Studio Express 2013 for Web
VisualStudioVersion = 12.0.30723.0
MinimumVisualStudioVersion = 10.0.40219.1
Project("{FAE04EC0-301F-11D3-BF4B-00C04F79EFBC}") = "EclipseLibrary.Mvc", "..\EclipseLibrary.Mvc\EclipseLibrary.Mvc.csproj", "{9E2266CB-5042-4601-AF29-6CBAC5AE8664}"
EndProject
Project("{FAE04EC0-301F-11D3-BF4B-00C04F79EFBC}") = "EclipseLibrary.Oracle", "..\EclipseLibrary.Oracle\EclipseLibrary.Oracle.csproj", "{019EF3E3-B232-4A49-B05D-4C54FF73C4D0}"
EndProject
Project("{FAE04EC0-301F-11D3-BF4B-00C04F79EFBC}") = "DcmsMobile", "..\DcmsMobile\DcmsMobile.csproj", "{332AE96A-B5AE-4CEC-8D20-B011EB3DCE12}"
EndProject
Project("{FAE04EC0-301F-11D3-BF4B-00C04F79EFBC}") = "REQ2", "REQ2.csproj", "{3CEF1D2B-0984-4D10-80B5-45D2FFEE9A11}"
EndProject
Project("{FAE04EC0-301F-11D3-BF4B-00C04F79EFBC}") = "DcmsLibrary.Mvc", "..\DcmsLibrary.Mvc\DcmsLibrary.Mvc.csproj", "{1FC7FE1F-FF9A-46AE-AFB8-38E7F74204C0}"
EndProject
Global
	GlobalSection(SolutionConfigurationPlatforms) = preSolution
		Debug|Any CPU = Debug|Any CPU
		Release|Any CPU = Release|Any CPU
	EndGlobalSection
	GlobalSection(ProjectConfigurationPlatforms) = postSolution
		{9E2266CB-5042-4601-AF29-6CBAC5AE8664}.Debug|Any CPU.ActiveCfg = Debug|Any CPU
		{9E2266CB-5042-4601-AF29-6CBAC5AE8664}.Debug|Any CPU.Build.0 = Debug|Any CPU
		{9E2266CB-5042-4601-AF29-6CBAC5AE8664}.Release|Any CPU.ActiveCfg = Release|Any CPU
		{9E2266CB-5042-4601-AF29-6CBAC5AE8664}.Release|Any CPU.Build.0 = Release|Any CPU
		{019EF3E3-B232-4A49-B05D-4C54FF73C4D0}.Debug|Any CPU.ActiveCfg = Debug|Any CPU
		{019EF3E3-B232-4A49-B05D-4C54FF73C4D0}.Debug|Any CPU.Build.0 = Debug|Any CPU
		{019EF3E3-B232-4A49-B05D-4C54FF73C4D0}.Release|Any CPU.ActiveCfg = Release|Any CPU
		{019EF3E3-B232-4A49-B05D-4C54FF73C4D0}.Release|Any CPU.Build.0 = Release|Any CPU
		{332AE96A-B5AE-4CEC-8D20-B011EB3DCE12}.Debug|Any CPU.ActiveCfg = Debug|Any CPU
		{332AE96A-B5AE-4CEC-8D20-B011EB3DCE12}.Debug|Any CPU.Build.0 = Debug|Any CPU
		{332AE96A-B5AE-4CEC-8D20-B011EB3DCE12}.Release|Any CPU.ActiveCfg = Release|Any CPU
		{332AE96A-B5AE-4CEC-8D20-B011EB3DCE12}.Release|Any CPU.Build.0 = Release|Any CPU
		{3CEF1D2B-0984-4D10-80B5-45D2FFEE9A11}.Debug|Any CPU.ActiveCfg = Debug|Any CPU
		{3CEF1D2B-0984-4D10-80B5-45D2FFEE9A11}.Debug|Any CPU.Build.0 = Debug|Any CPU
		{3CEF1D2B-0984-4D10-80B5-45D2FFEE9A11}.Release|Any CPU.ActiveCfg = Release|Any CPU
		{3CEF1D2B-0984-4D10-80B5-45D2FFEE9A11}.Release|Any CPU.Build.0 = Release|Any CPU
		{1FC7FE1F-FF9A-46AE-AFB8-38E7F74204C0}.Debug|Any CPU.ActiveCfg = Debug|Any CPU
		{1FC7FE1F-FF9A-46AE-AFB8-38E7F74204C0}.Debug|Any CPU.Build.0 = Debug|Any CPU
		{1FC7FE1F-FF9A-46AE-AFB8-38E7F74204C0}.Release|Any CPU.ActiveCfg = Release|Any CPU
		{1FC7FE1F-FF9A-46AE-AFB8-38E7F74204C0}.Release|Any CPU.Build.0 = Release|Any CPU
	EndGlobalSection
	GlobalSection(SolutionProperties) = preSolution
		HideSolutionNode = FALSE
	EndGlobalSection
EndGlobal
